
Microsoft Visual Studio Solution File, Format Version 12.00
# Visual Studio Version 17
VisualStudioVersion = 17.14.36623.8 d17.14
MinimumVisualStudioVersion = 10.0.40219.1
Project("{FAE04EC0-301F-11D3-BF4B-00C04F79EFBC}") = "_API_Frontend", "_API_Frontend\_API_Frontend.csproj", "{1327A31F-332F-40A0-9B8D-7A15D725D631}"
EndProject
Global
	GlobalSection(SolutionConfigurationPlatforms) = preSolution
		Debug|Any CPU = Debug|Any CPU
		Release|Any CPU = Release|Any CPU
	EndGlobalSection
	GlobalSection(ProjectConfigurationPlatforms) = postSolution
		{1327A31F-332F-40A0-9B8D-7A15D725D631}.Debug|Any CPU.ActiveCfg = Debug|Any CPU
		{1327A31F-332F-40A0-9B8D-7A15D725D631}.Debug|Any CPU.Build.0 = Debug|Any CPU
		{1327A31F-332F-40A0-9B8D-7A15D725D631}.Release|Any CPU.ActiveCfg = Release|Any CPU
		{1327A31F-332F-40A0-9B8D-7A15D725D631}.Release|Any CPU.Build.0 = Release|Any CPU
	EndGlobalSection
	GlobalSection(SolutionProperties) = preSolution
		HideSolutionNode = FALSE
	EndGlobalSection
	GlobalSection(ExtensibilityGlobals) = postSolution
		SolutionGuid = {8E4D41D4-64BE-46FD-816C-283769FCA721}
	EndGlobalSection
EndGlobal
